// !$*UTF8*$!
{
	archiveVersion = 1;
	classes = {
	};
	objectVersion = 46;
	objects = {

/* Begin PBXBuildFile section */
		BB70EF941D0701E3007FB714 /* walkThrough.gif in Resources */ = {isa = PBXBuildFile; fileRef = BB70EF931D0701E3007FB714 /* walkThrough.gif */; };
		BBBA02F01D06AC0300BC48EA /* AppDelegate.swift in Sources */ = {isa = PBXBuildFile; fileRef = BBBA02EF1D06AC0300BC48EA /* AppDelegate.swift */; };
		BBBA02F21D06AC0300BC48EA /* ViewController.swift in Sources */ = {isa = PBXBuildFile; fileRef = BBBA02F11D06AC0300BC48EA /* ViewController.swift */; };
		BBBA02F51D06AC0300BC48EA /* Main.storyboard in Resources */ = {isa = PBXBuildFile; fileRef = BBBA02F31D06AC0300BC48EA /* Main.storyboard */; };
		BBBA02F71D06AC0300BC48EA /* Assets.xcassets in Resources */ = {isa = PBXBuildFile; fileRef = BBBA02F61D06AC0300BC48EA /* Assets.xcassets */; };
		BBBA02FA1D06AC0300BC48EA /* LaunchScreen.storyboard in Resources */ = {isa = PBXBuildFile; fileRef = BBBA02F81D06AC0300BC48EA /* LaunchScreen.storyboard */; };
		BBBA03021D06AC5A00BC48EA /* ratesModel.swift in Sources */ = {isa = PBXBuildFile; fileRef = BBBA03011D06AC5A00BC48EA /* ratesModel.swift */; };
/* End PBXBuildFile section */

/* Begin PBXFileReference section */
		BB70EF931D0701E3007FB714 /* walkThrough.gif */ = {isa = PBXFileReference; lastKnownFileType = image.gif; name = walkThrough.gif; path = Assets/walkThrough.gif; sourceTree = "<group>"; };
		BBBA02EC1D06AC0300BC48EA /* CurrencyConverter.app */ = {isa = PBXFileReference; explicitFileType = wrapper.application; includeInIndex = 0; path = CurrencyConverter.app; sourceTree = BUILT_PRODUCTS_DIR; };
		BBBA02EF1D06AC0300BC48EA /* AppDelegate.swift */ = {isa = PBXFileReference; lastKnownFileType = sourcecode.swift; path = AppDelegate.swift; sourceTree = "<group>"; };
		BBBA02F11D06AC0300BC48EA /* ViewController.swift */ = {isa = PBXFileReference; lastKnownFileType = sourcecode.swift; path = ViewController.swift; sourceTree = "<group>"; };
		BBBA02F41D06AC0300BC48EA /* Base */ = {isa = PBXFileReference; lastKnownFileType = file.storyboard; name = Base; path = Base.lproj/Main.storyboard; sourceTree = "<group>"; };
		BBBA02F61D06AC0300BC48EA /* Assets.xcassets */ = {isa = PBXFileReference; lastKnownFileType = folder.assetcatalog; path = Assets.xcassets; sourceTree = "<group>"; };
		BBBA02F91D06AC0300BC48EA /* Base */ = {isa = PBXFileReference; lastKnownFileType = file.storyboard; name = Base; path = Base.lproj/LaunchScreen.storyboard; sourceTree = "<group>"; };
		BBBA02FB1D06AC0300BC48EA /* Info.plist */ = {isa = PBXFileReference; lastKnownFileType = text.plist.xml; path = Info.plist; sourceTree = "<group>"; };
		BBBA03011D06AC5A00BC48EA /* ratesModel.swift */ = {isa = PBXFileReference; fileEncoding = 4; lastKnownFileType = sourcecode.swift; path = ratesModel.swift; sourceTree = "<group>"; };
/* End PBXFileReference section */

/* Begin PBXFrameworksBuildPhase section */
		BBBA02E91D06AC0300BC48EA /* Frameworks */ = {
			isa = PBXFrameworksBuildPhase;
			buildActionMask = 2147483647;
			files = (
			);
			runOnlyForDeploymentPostprocessing = 0;
		};
/* End PBXFrameworksBuildPhase section */

/* Begin PBXGroup section */
		BBBA02E31D06AC0300BC48EA = {
			isa = PBXGroup;
			children = (
				BB70EF931D0701E3007FB714 /* walkThrough.gif */,
				BBBA02EE1D06AC0300BC48EA /* CurrencyConverter */,
				BBBA02ED1D06AC0300BC48EA /* Products */,
			);
			sourceTree = "<group>";
		};
		BBBA02ED1D06AC0300BC48EA /* Products */ = {
			isa = PBXGroup;
			children = (
				BBBA02EC1D06AC0300BC48EA /* CurrencyConverter.app */,
			);
			name = Products;
			sourceTree = "<group>";
		};
		BBBA02EE1D06AC0300BC48EA /* CurrencyConverter */ = {
			isa = PBXGroup;
			children = (
				BBBA02EF1D06AC0300BC48EA /* AppDelegate.swift */,
				BBBA02F11D06AC0300BC48EA /* ViewController.swift */,
				BBBA03011D06AC5A00BC48EA /* ratesModel.swift */,
				BBBA02F31D06AC0300BC48EA /* Main.storyboard */,
				BBBA02F61D06AC0300BC48EA /* Assets.xcassets */,
				BBBA02F81D06AC0300BC48EA /* LaunchScreen.storyboard */,
				BBBA02FB1D06AC0300BC48EA /* Info.plist */,
			);
			path = CurrencyConverter;
			sourceTree = "<group>";
		};
/* End PBXGroup section */

/* Begin PBXNativeTarget section */
		BBBA02EB1D06AC0300BC48EA /* CurrencyConverter */ = {
			isa = PBXNativeTarget;
			buildConfigurationList = BBBA02FE1D06AC0300BC48EA /* Build configuration list for PBXNativeTarget "CurrencyConverter" */;
			buildPhases = (
				BBBA02E81D06AC0300BC48EA /* Sources */,
				BBBA02E91D06AC0300BC48EA /* Frameworks */,
				BBBA02EA1D06AC0300BC48EA /* Resources */,
			);
			buildRules = (
			);
			dependencies = (
			);
			name = CurrencyConverter;
			productName = CurrencyConverter;
			productReference = BBBA02EC1D06AC0300BC48EA /* CurrencyConverter.app */;
			productType = "com.apple.product-type.application";
		};
/* End PBXNativeTarget section */

/* Begin PBXProject section */
		BBBA02E41D06AC0300BC48EA /* Project object */ = {
			isa = PBXProject;
			attributes = {
				LastSwiftUpdateCheck = 0730;
				LastUpgradeCheck = 0730;
				ORGANIZATIONNAME = "Anil T V";
				TargetAttributes = {
					BBBA02EB1D06AC0300BC48EA = {
						CreatedOnToolsVersion = 7.3;
					};
				};
			};
			buildConfigurationList = BBBA02E71D06AC0300BC48EA /* Build configuration list for PBXProject "CurrencyConverter" */;
			compatibilityVersion = "Xcode 3.2";
			developmentRegion = English;
			hasScannedForEncodings = 0;
			knownRegions = (
				en,
				Base,
			);
			mainGroup = BBBA02E31D06AC0300BC48EA;
			productRefGroup = BBBA02ED1D06AC0300BC48EA /* Products */;
			projectDirPath = "";
			projectRoot = "";
			targets = (
				BBBA02EB1D06AC0300BC48EA /* CurrencyConverter */,
			);
		};
/* End PBXProject section */

/* Begin PBXResourcesBuildPhase section */
		BBBA02EA1D06AC0300BC48EA /* Resources */ = {
			isa = PBXResourcesBuildPhase;
			buildActionMask = 2147483647;
			files = (
				BBBA02FA1D06AC0300BC48EA /* LaunchScreen.storyboard in Resources */,
				BBBA02F71D06AC0300BC48EA /* Assets.xcassets in Resources */,
				BBBA02F51D06AC0300BC48EA /* Main.storyboard in Resources */,
				BB70EF941D0701E3007FB714 /* walkThrough.gif in Resources */,
			);
			runOnlyForDeploymentPostprocessing = 0;
		};
/* End PBXResourcesBuildPhase section */

/* Begin PBXSourcesBuildPhase section */
		BBBA02E81D06AC0300BC48EA /* Sources */ = {
			isa = PBXSourcesBuildPhase;
			buildActionMask = 2147483647;
			files = (
				BBBA02F21D06AC0300BC48EA /* ViewController.swift in Sources */,
				BBBA02F01D06AC0300BC48EA /* AppDelegate.swift in Sources */,
				BBBA03021D06AC5A00BC48EA /* ratesModel.swift in Sources */,
			);
			runOnlyForDeploymentPostprocessing = 0;
		};
/* End PBXSourcesBuildPhase section */

/* Begin PBXVariantGroup section */
		BBBA02F31D06AC0300BC48EA /* Main.storyboard */ = {
			isa = PBXVariantGroup;
			children = (
				BBBA02F41D06AC0300BC48EA /* Base */,
			);
			name = Main.storyboard;
			sourceTree = "<group>";
		};
		BBBA02F81D06AC0300BC48EA /* LaunchScreen.storyboard */ = {
			isa = PBXVariantGroup;
			children = (
				BBBA02F91D06AC0300BC48EA /* Base */,
			);
			name = LaunchScreen.storyboard;
			sourceTree = "<group>";
		};
/* End PBXVariantGroup section */

/* Begin XCBuildConfiguration section */
		BBBA02FC1D06AC0300BC48EA /* Debug */ = {
			isa = XCBuildConfiguration;
			buildSettings = {
				ALWAYS_SEARCH_USER_PATHS = NO;
				CLANG_ANALYZER_NONNULL = YES;
				CLANG_CXX_LANGUAGE_STANDARD = "gnu++0x";
				CLANG_CXX_LIBRARY = "libc++";
				CLANG_ENABLE_MODULES = YES;
				CLANG_ENABLE_OBJC_ARC = YES;
				CLANG_WARN_BOOL_CONVERSION = YES;
				CLANG_WARN_CONSTANT_CONVERSION = YES;
				CLANG_WARN_DIRECT_OBJC_ISA_USAGE = YES_ERROR;
				CLANG_WARN_EMPTY_BODY = YES;
				CLANG_WARN_ENUM_CONVERSION = YES;
				CLANG_WARN_INT_CONVERSION = YES;
				CLANG_WARN_OBJC_ROOT_CLASS = YES_ERROR;
				CLANG_WARN_UNREACHABLE_CODE = YES;
				CLANG_WARN__DUPLICATE_METHOD_MATCH = YES;
				"CODE_SIGN_IDENTITY[sdk=iphoneos*]" = "iPhone Developer";
				COPY_PHASE_STRIP = NO;
				DEBUG_INFORMATION_FORMAT = dwarf;
				ENABLE_STRICT_OBJC_MSGSEND = YES;
				ENABLE_TESTABILITY = YES;
				GCC_C_LANGUAGE_STANDARD = gnu99;
				GCC_DYNAMIC_NO_PIC = NO;
				GCC_NO_COMMON_BLOCKS = YES;
				GCC_OPTIMIZATION_LEVEL = 0;
				GCC_PREPROCESSOR_DEFINITIONS = (
					"DEBUG=1",
					"$(inherited)",
				);
				GCC_WARN_64_TO_32_BIT_CONVERSION = YES;
				GCC_WARN_ABOUT_RETURN_TYPE = YES_ERROR;
				GCC_WARN_UNDECLARED_SELECTOR = YES;
				GCC_WARN_UNINITIALIZED_AUTOS = YES_AGGRESSIVE;
				GCC_WARN_UNUSED_FUNCTION = YES;
				GCC_WARN_UNUSED_VARIABLE = YES;
				IPHONEOS_DEPLOYMENT_TARGET = 9.3;
				MTL_ENABLE_DEBUG_INFO = YES;
				ONLY_ACTIVE_ARCH = YES;
				SDKROOT = iphoneos;
				SWIFT_OPTIMIZATION_LEVEL = "-Onone";
				TARGETED_DEVICE_FAMILY = "1,2";
			};
			name = Debug;
		};
		BBBA02FD1D06AC0300BC48EA /* Release */ = {
			isa = XCBuildConfiguration;
			buildSettings = {
				ALWAYS_SEARCH_USER_PATHS = NO;
				CLANG_ANALYZER_NONNULL = YES;
				CLANG_CXX_LANGUAGE_STANDARD = "gnu++0x";
				CLANG_CXX_LIBRARY = "libc++";
				CLANG_ENABLE_MODULES = YES;
				CLANG_ENABLE_OBJC_ARC = YES;
				CLANG_WARN_BOOL_CONVERSION = YES;
				CLANG_WARN_CONSTANT_CONVERSION = YES;
				CLANG_WARN_DIRECT_OBJC_ISA_USAGE = YES_ERROR;
				CLANG_WARN_EMPTY_BODY = YES;
				CLANG_WARN_ENUM_CONVERSION = YES;
				CLANG_WARN_INT_CONVERSION = YES;
				CLANG_WARN_OBJC_ROOT_CLASS = YES_ERROR;
				CLANG_WARN_UNREACHABLE_CODE = YES;
				CLANG_WARN__DUPLICATE_METHOD_MATCH = YES;
				"CODE_SIGN_IDENTITY[sdk=iphoneos*]" = "iPhone Developer";
				COPY_PHASE_STRIP = NO;
				DEBUG_INFORMATION_FORMAT = "dwarf-with-dsym";
				ENABLE_NS_ASSERTIONS = NO;
				ENABLE_STRICT_OBJC_MSGSEND = YES;
				GCC_C_LANGUAGE_STANDARD = gnu99;
				GCC_NO_COMMON_BLOCKS = YES;
				GCC_WARN_64_TO_32_BIT_CONVERSION = YES;
				GCC_WARN_ABOUT_RETURN_TYPE = YES_ERROR;
				GCC_WARN_UNDECLARED_SELECTOR = YES;
				GCC_WARN_UNINITIALIZED_AUTOS = YES_AGGRESSIVE;
				GCC_WARN_UNUSED_FUNCTION = YES;
				GCC_WARN_UNUSED_VARIABLE = YES;
				IPHONEOS_DEPLOYMENT_TARGET = 9.3;
				MTL_ENABLE_DEBUG_INFO = NO;
				SDKROOT = iphoneos;
				TARGETED_DEVICE_FAMILY = "1,2";
				VALIDATE_PRODUCT = YES;
			};
			name = Release;
		};
		BBBA02FF1D06AC0300BC48EA /* Debug */ = {
			isa = XCBuildConfiguration;
			buildSettings = {
				ASSETCATALOG_COMPILER_APPICON_NAME = AppIcon;
				INFOPLIST_FILE = CurrencyConverter/Info.plist;
				LD_RUNPATH_SEARCH_PATHS = "$(inherited) @executable_path/Frameworks";
				PRODUCT_BUNDLE_IDENTIFIER = gtlabs.CurrencyConverter;
				PRODUCT_NAME = "$(TARGET_NAME)";
			};
			name = Debug;
		};
		BBBA03001D06AC0300BC48EA /* Release */ = {
			isa = XCBuildConfiguration;
			buildSettings = {
				ASSETCATALOG_COMPILER_APPICON_NAME = AppIcon;
				INFOPLIST_FILE = CurrencyConverter/Info.plist;
				LD_RUNPATH_SEARCH_PATHS = "$(inherited) @executable_path/Frameworks";
				PRODUCT_BUNDLE_IDENTIFIER = gtlabs.CurrencyConverter;
				PRODUCT_NAME = "$(TARGET_NAME)";
			};
			name = Release;
		};
/* End XCBuildConfiguration section */

/* Begin XCConfigurationList section */
		BBBA02E71D06AC0300BC48EA /* Build configuration list for PBXProject "CurrencyConverter" */ = {
			isa = XCConfigurationList;
			buildConfigurations = (
				BBBA02FC1D06AC0300BC48EA /* Debug */,
				BBBA02FD1D06AC0300BC48EA /* Release */,
			);
			defaultConfigurationIsVisible = 0;
			defaultConfigurationName = Release;
		};
		BBBA02FE1D06AC0300BC48EA /* Build configuration list for PBXNativeTarget "CurrencyConverter" */ = {
			isa = XCConfigurationList;
			buildConfigurations = (
				BBBA02FF1D06AC0300BC48EA /* Debug */,
				BBBA03001D06AC0300BC48EA /* Release */,
			);
			defaultConfigurationIsVisible = 0;
			defaultConfigurationName = Release;
		};
/* End XCConfigurationList section */
	};
	rootObject = BBBA02E41D06AC0300BC48EA /* Project object */;
}
